
Microsoft Visual Studio Solution File, Format Version 11.00
# Visual Studio 2010
Project("{FAE04EC0-301F-11D3-BF4B-00C04F79EFBC}") = "MirrorBodyUnity", "Assembly-CSharp.csproj", "{F452E686-D7D4-04B0-42EF-B24EBF9154BD}"
EndProject
Project("{FAE04EC0-301F-11D3-BF4B-00C04F79EFBC}") = "MirrorBodyUnity", "Assembly-CSharp-Editor.csproj", "{644C2F66-9097-A38D-5274-00F0F51CC549}"
EndProject
Global
	GlobalSection(SolutionConfigurationPlatforms) = preSolution
		Debug|Any CPU = Debug|Any CPU
		Release|Any CPU = Release|Any CPU
	EndGlobalSection
	GlobalSection(ProjectConfigurationPlatforms) = postSolution
		{F452E686-D7D4-04B0-42EF-B24EBF9154BD}.Debug|Any CPU.ActiveCfg = Debug|Any CPU
		{F452E686-D7D4-04B0-42EF-B24EBF9154BD}.Debug|Any CPU.Build.0 = Debug|Any CPU
		{F452E686-D7D4-04B0-42EF-B24EBF9154BD}.Release|Any CPU.ActiveCfg = Release|Any CPU
		{F452E686-D7D4-04B0-42EF-B24EBF9154BD}.Release|Any CPU.Build.0 = Release|Any CPU
		{644C2F66-9097-A38D-5274-00F0F51CC549}.Debug|Any CPU.ActiveCfg = Debug|Any CPU
		{644C2F66-9097-A38D-5274-00F0F51CC549}.Debug|Any CPU.Build.0 = Debug|Any CPU
		{644C2F66-9097-A38D-5274-00F0F51CC549}.Release|Any CPU.ActiveCfg = Release|Any CPU
		{644C2F66-9097-A38D-5274-00F0F51CC549}.Release|Any CPU.Build.0 = Release|Any CPU
	EndGlobalSection
	GlobalSection(SolutionProperties) = preSolution
		HideSolutionNode = FALSE
	EndGlobalSection
	GlobalSection(MonoDevelopProperties) = preSolution
		StartupItem = Assembly-CSharp.csproj
	EndGlobalSection
EndGlobal
